# THIS IS AN AUTOGENERATED FILE. DO NOT EDIT THIS FILE DIRECTLY.
# yarn lockfile v1


material-design-color@^2.3.2:
  version "2.3.2"
  resolved "https://registry.yarnpkg.com/material-design-color/-/material-design-color-2.3.2.tgz#e8af958d852a8747bfb211e48ce1282bda918815"
  integrity sha1-6K+VjYUqh0e/shHkjOEoK9qRiBU=

material-shadows@^3.0.1:
  version "3.0.1"
  resolved "https://registry.yarnpkg.com/material-shadows/-/material-shadows-3.0.1.tgz#586ad12b167360a8e4e897bf7530cb69acea5110"
  integrity sha1-WGrRKxZzYKjk6Je/dTDLaazqURA=

modularscale-sass@^3.0.3:
  version "3.0.8"
  resolved "https://registry.yarnpkg.com/modularscale-sass/-/modularscale-sass-3.0.8.tgz#57c92ee0750f6807e37359699ef2ce63a4997db6"
  integrity sha512-NOO6NLXPiVG8T/ZkXImxSj1YtvzF37suAGxc9ty0pmQrU998fmJqR6kNqs+HmFqOjeCRJ3roBfA9Arohta2sBQ==
